
Microsoft Visual Studio Solution File, Format Version 12.00
# Visual Studio 14
VisualStudioVersion = 14.0.23107.0
MinimumVisualStudioVersion = 10.0.40219.1
Project("{FAE04EC0-301F-11D3-BF4B-00C04F79EFBC}") = "MagicPlaylist.Web", "MagicPlaylist.Web\MagicPlaylist.Web.csproj", "{BD57E184-0D06-4793-8DD9-8F5B1AF3DC1C}"
EndProject
Project("{FAE04EC0-301F-11D3-BF4B-00C04F79EFBC}") = "MagicPlaylist.Gateway", "MagicPlaylist.Gateway\MagicPlaylist.Gateway.csproj", "{EF495240-5530-4878-9927-7318AE70D18D}"
EndProject
Project("{FAE04EC0-301F-11D3-BF4B-00C04F79EFBC}") = "MagicPlaylist.Test", "MagicPlaylist.Test\MagicPlaylist.Test.csproj", "{75AB938A-3C54-45D3-A34A-B91BDE424DDB}"
EndProject
Global
	GlobalSection(SolutionConfigurationPlatforms) = preSolution
		Debug|Any CPU = Debug|Any CPU
		Release|Any CPU = Release|Any CPU
	EndGlobalSection
	GlobalSection(ProjectConfigurationPlatforms) = postSolution
		{BD57E184-0D06-4793-8DD9-8F5B1AF3DC1C}.Debug|Any CPU.ActiveCfg = Debug|Any CPU
		{BD57E184-0D06-4793-8DD9-8F5B1AF3DC1C}.Debug|Any CPU.Build.0 = Debug|Any CPU
		{BD57E184-0D06-4793-8DD9-8F5B1AF3DC1C}.Release|Any CPU.ActiveCfg = Release|Any CPU
		{BD57E184-0D06-4793-8DD9-8F5B1AF3DC1C}.Release|Any CPU.Build.0 = Release|Any CPU
		{EF495240-5530-4878-9927-7318AE70D18D}.Debug|Any CPU.ActiveCfg = Debug|Any CPU
		{EF495240-5530-4878-9927-7318AE70D18D}.Debug|Any CPU.Build.0 = Debug|Any CPU
		{EF495240-5530-4878-9927-7318AE70D18D}.Release|Any CPU.ActiveCfg = Release|Any CPU
		{EF495240-5530-4878-9927-7318AE70D18D}.Release|Any CPU.Build.0 = Release|Any CPU
		{75AB938A-3C54-45D3-A34A-B91BDE424DDB}.Debug|Any CPU.ActiveCfg = Debug|Any CPU
		{75AB938A-3C54-45D3-A34A-B91BDE424DDB}.Debug|Any CPU.Build.0 = Debug|Any CPU
		{75AB938A-3C54-45D3-A34A-B91BDE424DDB}.Release|Any CPU.ActiveCfg = Release|Any CPU
		{75AB938A-3C54-45D3-A34A-B91BDE424DDB}.Release|Any CPU.Build.0 = Release|Any CPU
	EndGlobalSection
	GlobalSection(SolutionProperties) = preSolution
		HideSolutionNode = FALSE
	EndGlobalSection
EndGlobal
