
Microsoft Visual Studio Solution File, Format Version 12.00
# Visual Studio 14
VisualStudioVersion = 14.0.23107.0
MinimumVisualStudioVersion = 10.0.40219.1
Project("{FAE04EC0-301F-11D3-BF4B-00C04F79EFBC}") = "MagicPlaylist.Web", "MagicPlaylist.Web\MagicPlaylist.Web.csproj", "{BD57E184-0D06-4793-8DD9-8F5B1AF3DC1C}"
EndProject
Project("{FAE04EC0-301F-11D3-BF4B-00C04F79EFBC}") = "MagicPlaylist.Deezer", "MagicPlaylist.Deezer\MagicPlaylist.Deezer.csproj", "{92E1031B-8D41-4A76-B621-64EC6FA4FB99}"
EndProject
Project("{FAE04EC0-301F-11D3-BF4B-00C04F79EFBC}") = "MagicPlaylist.Gateway", "MagicPlaylist.Gateway\MagicPlaylist.Gateway.csproj", "{9D90929B-54A5-4B53-AEB4-7E9DCF40430B}"
EndProject
Global
	GlobalSection(SolutionConfigurationPlatforms) = preSolution
		Debug|Any CPU = Debug|Any CPU
		Release|Any CPU = Release|Any CPU
	EndGlobalSection
	GlobalSection(ProjectConfigurationPlatforms) = postSolution
		{BD57E184-0D06-4793-8DD9-8F5B1AF3DC1C}.Debug|Any CPU.ActiveCfg = Debug|Any CPU
		{BD57E184-0D06-4793-8DD9-8F5B1AF3DC1C}.Debug|Any CPU.Build.0 = Debug|Any CPU
		{BD57E184-0D06-4793-8DD9-8F5B1AF3DC1C}.Release|Any CPU.ActiveCfg = Release|Any CPU
		{BD57E184-0D06-4793-8DD9-8F5B1AF3DC1C}.Release|Any CPU.Build.0 = Release|Any CPU
		{92E1031B-8D41-4A76-B621-64EC6FA4FB99}.Debug|Any CPU.ActiveCfg = Debug|Any CPU
		{92E1031B-8D41-4A76-B621-64EC6FA4FB99}.Debug|Any CPU.Build.0 = Debug|Any CPU
		{92E1031B-8D41-4A76-B621-64EC6FA4FB99}.Release|Any CPU.ActiveCfg = Release|Any CPU
		{92E1031B-8D41-4A76-B621-64EC6FA4FB99}.Release|Any CPU.Build.0 = Release|Any CPU
		{9D90929B-54A5-4B53-AEB4-7E9DCF40430B}.Debug|Any CPU.ActiveCfg = Debug|Any CPU
		{9D90929B-54A5-4B53-AEB4-7E9DCF40430B}.Debug|Any CPU.Build.0 = Debug|Any CPU
		{9D90929B-54A5-4B53-AEB4-7E9DCF40430B}.Release|Any CPU.ActiveCfg = Release|Any CPU
		{9D90929B-54A5-4B53-AEB4-7E9DCF40430B}.Release|Any CPU.Build.0 = Release|Any CPU
	EndGlobalSection
	GlobalSection(SolutionProperties) = preSolution
		HideSolutionNode = FALSE
	EndGlobalSection
EndGlobal
